// !$*UTF8*$!
{
	archiveVersion = 1;
	classes = {
	};
	objectVersion = 56;
	objects = {

/* Begin PBXBuildFile section */
		96D2FFAE2C98285100087C2C /* XcodeDesktopAppApp.swift in Sources */ = {isa = PBXBuildFile; fileRef = 96D2FFAD2C98285100087C2C /* XcodeDesktopAppApp.swift */; };
		96D2FFB02C98285100087C2C /* ContentView.swift in Sources */ = {isa = PBXBuildFile; fileRef = 96D2FFAF2C98285100087C2C /* ContentView.swift */; };
		96D2FFB22C98285300087C2C /* Assets.xcassets in Resources */ = {isa = PBXBuildFile; fileRef = 96D2FFB12C98285300087C2C /* Assets.xcassets */; };
		96D2FFB52C98285300087C2C /* Preview Assets.xcassets in Resources */ = {isa = PBXBuildFile; fileRef = 96D2FFB42C98285300087C2C /* Preview Assets.xcassets */; };
		96D2FFBF2C98285400087C2C /* XcodeDesktopAppTests.swift in Sources */ = {isa = PBXBuildFile; fileRef = 96D2FFBE2C98285400087C2C /* XcodeDesktopAppTests.swift */; };
		96D2FFC92C98285400087C2C /* XcodeDesktopAppUITests.swift in Sources */ = {isa = PBXBuildFile; fileRef = 96D2FFC82C98285400087C2C /* XcodeDesktopAppUITests.swift */; };
		96D2FFCB2C98285400087C2C /* XcodeDesktopAppUITestsLaunchTests.swift in Sources */ = {isa = PBXBuildFile; fileRef = 96D2FFCA2C98285400087C2C /* XcodeDesktopAppUITestsLaunchTests.swift */; };
/* End PBXBuildFile section */

/* Begin PBXContainerItemProxy section */
		96D2FFBB2C98285400087C2C /* PBXContainerItemProxy */ = {
			isa = PBXContainerItemProxy;
			containerPortal = 96D2FFA22C98285100087C2C /* Project object */;
			proxyType = 1;
			remoteGlobalIDString = 96D2FFA92C98285100087C2C;
			remoteInfo = XcodeDesktopApp;
		};
		96D2FFC52C98285400087C2C /* PBXContainerItemProxy */ = {
			isa = PBXContainerItemProxy;
			containerPortal = 96D2FFA22C98285100087C2C /* Project object */;
			proxyType = 1;
			remoteGlobalIDString = 96D2FFA92C98285100087C2C;
			remoteInfo = XcodeDesktopApp;
		};
/* End PBXContainerItemProxy section */

/* Begin PBXFileReference section */
		96D2FFAA2C98285100087C2C /* XcodeDesktopApp.app */ = {isa = PBXFileReference; explicitFileType = wrapper.application; includeInIndex = 0; path = XcodeDesktopApp.app; sourceTree = BUILT_PRODUCTS_DIR; };
		96D2FFAD2C98285100087C2C /* XcodeDesktopAppApp.swift */ = {isa = PBXFileReference; lastKnownFileType = sourcecode.swift; path = XcodeDesktopAppApp.swift; sourceTree = "<group>"; };
		96D2FFAF2C98285100087C2C /* ContentView.swift */ = {isa = PBXFileReference; lastKnownFileType = sourcecode.swift; path = ContentView.swift; sourceTree = "<group>"; };
		96D2FFB12C98285300087C2C /* Assets.xcassets */ = {isa = PBXFileReference; lastKnownFileType = folder.assetcatalog; path = Assets.xcassets; sourceTree = "<group>"; };
		96D2FFB42C98285300087C2C /* Preview Assets.xcassets */ = {isa = PBXFileReference; lastKnownFileType = folder.assetcatalog; path = "Preview Assets.xcassets"; sourceTree = "<group>"; };
		96D2FFBA2C98285400087C2C /* XcodeDesktopAppTests.xctest */ = {isa = PBXFileReference; explicitFileType = wrapper.cfbundle; includeInIndex = 0; path = XcodeDesktopAppTests.xctest; sourceTree = BUILT_PRODUCTS_DIR; };
		96D2FFBE2C98285400087C2C /* XcodeDesktopAppTests.swift */ = {isa = PBXFileReference; lastKnownFileType = sourcecode.swift; path = XcodeDesktopAppTests.swift; sourceTree = "<group>"; };
		96D2FFC42C98285400087C2C /* XcodeDesktopAppUITests.xctest */ = {isa = PBXFileReference; explicitFileType = wrapper.cfbundle; includeInIndex = 0; path = XcodeDesktopAppUITests.xctest; sourceTree = BUILT_PRODUCTS_DIR; };
		96D2FFC82C98285400087C2C /* XcodeDesktopAppUITests.swift */ = {isa = PBXFileReference; lastKnownFileType = sourcecode.swift; path = XcodeDesktopAppUITests.swift; sourceTree = "<group>"; };
		96D2FFCA2C98285400087C2C /* XcodeDesktopAppUITestsLaunchTests.swift */ = {isa = PBXFileReference; lastKnownFileType = sourcecode.swift; path = XcodeDesktopAppUITestsLaunchTests.swift; sourceTree = "<group>"; };
/* End PBXFileReference section */

/* Begin PBXFrameworksBuildPhase section */
		96D2FFA72C98285100087C2C /* Frameworks */ = {
			isa = PBXFrameworksBuildPhase;
			buildActionMask = 2147483647;
			files = (
			);
			runOnlyForDeploymentPostprocessing = 0;
		};
		96D2FFB72C98285400087C2C /* Frameworks */ = {
			isa = PBXFrameworksBuildPhase;
			buildActionMask = 2147483647;
			files = (
			);
			runOnlyForDeploymentPostprocessing = 0;
		};
		96D2FFC12C98285400087C2C /* Frameworks */ = {
			isa = PBXFrameworksBuildPhase;
			buildActionMask = 2147483647;
			files = (
			);
			runOnlyForDeploymentPostprocessing = 0;
		};
/* End PBXFrameworksBuildPhase section */

/* Begin PBXGroup section */
		96D2FFA12C98285100087C2C = {
			isa = PBXGroup;
			children = (
				96D2FFAC2C98285100087C2C /* XcodeDesktopApp */,
				96D2FFBD2C98285400087C2C /* XcodeDesktopAppTests */,
				96D2FFC72C98285400087C2C /* XcodeDesktopAppUITests */,
				96D2FFAB2C98285100087C2C /* Products */,
			);
			sourceTree = "<group>";
		};
		96D2FFAB2C98285100087C2C /* Products */ = {
			isa = PBXGroup;
			children = (
				96D2FFAA2C98285100087C2C /* XcodeDesktopApp.app */,
				96D2FFBA2C98285400087C2C /* XcodeDesktopAppTests.xctest */,
				96D2FFC42C98285400087C2C /* XcodeDesktopAppUITests.xctest */,
			);
			name = Products;
			sourceTree = "<group>";
		};
		96D2FFAC2C98285100087C2C /* XcodeDesktopApp */ = {
			isa = PBXGroup;
			children = (
				96D2FFAD2C98285100087C2C /* XcodeDesktopAppApp.swift */,
				96D2FFAF2C98285100087C2C /* ContentView.swift */,
				96D2FFB12C98285300087C2C /* Assets.xcassets */,
				96D2FFB32C98285300087C2C /* Preview Content */,
			);
			path = XcodeDesktopApp;
			sourceTree = "<group>";
		};
		96D2FFB32C98285300087C2C /* Preview Content */ = {
			isa = PBXGroup;
			children = (
				96D2FFB42C98285300087C2C /* Preview Assets.xcassets */,
			);
			path = "Preview Content";
			sourceTree = "<group>";
		};
		96D2FFBD2C98285400087C2C /* XcodeDesktopAppTests */ = {
			isa = PBXGroup;
			children = (
				96D2FFBE2C98285400087C2C /* XcodeDesktopAppTests.swift */,
			);
			path = XcodeDesktopAppTests;
			sourceTree = "<group>";
		};
		96D2FFC72C98285400087C2C /* XcodeDesktopAppUITests */ = {
			isa = PBXGroup;
			children = (
				96D2FFC82C98285400087C2C /* XcodeDesktopAppUITests.swift */,
				96D2FFCA2C98285400087C2C /* XcodeDesktopAppUITestsLaunchTests.swift */,
			);
			path = XcodeDesktopAppUITests;
			sourceTree = "<group>";
		};
/* End PBXGroup section */

/* Begin PBXNativeTarget section */
		96D2FFA92C98285100087C2C /* XcodeDesktopApp */ = {
			isa = PBXNativeTarget;
			buildConfigurationList = 96D2FFCE2C98285400087C2C /* Build configuration list for PBXNativeTarget "XcodeDesktopApp" */;
			buildPhases = (
				96D2FFA62C98285100087C2C /* Sources */,
				96D2FFA72C98285100087C2C /* Frameworks */,
				96D2FFA82C98285100087C2C /* Resources */,
			);
			buildRules = (
			);
			dependencies = (
			);
			name = XcodeDesktopApp;
			productName = XcodeDesktopApp;
			productReference = 96D2FFAA2C98285100087C2C /* XcodeDesktopApp.app */;
			productType = "com.apple.product-type.application";
		};
		96D2FFB92C98285400087C2C /* XcodeDesktopAppTests */ = {
			isa = PBXNativeTarget;
			buildConfigurationList = 96D2FFD12C98285400087C2C /* Build configuration list for PBXNativeTarget "XcodeDesktopAppTests" */;
			buildPhases = (
				96D2FFB62C98285400087C2C /* Sources */,
				96D2FFB72C98285400087C2C /* Frameworks */,
				96D2FFB82C98285400087C2C /* Resources */,
			);
			buildRules = (
			);
			dependencies = (
				96D2FFBC2C98285400087C2C /* PBXTargetDependency */,
			);
			name = XcodeDesktopAppTests;
			productName = XcodeDesktopAppTests;
			productReference = 96D2FFBA2C98285400087C2C /* XcodeDesktopAppTests.xctest */;
			productType = "com.apple.product-type.bundle.unit-test";
		};
		96D2FFC32C98285400087C2C /* XcodeDesktopAppUITests */ = {
			isa = PBXNativeTarget;
			buildConfigurationList = 96D2FFD42C98285400087C2C /* Build configuration list for PBXNativeTarget "XcodeDesktopAppUITests" */;
			buildPhases = (
				96D2FFC02C98285400087C2C /* Sources */,
				96D2FFC12C98285400087C2C /* Frameworks */,
				96D2FFC22C98285400087C2C /* Resources */,
			);
			buildRules = (
			);
			dependencies = (
				96D2FFC62C98285400087C2C /* PBXTargetDependency */,
			);
			name = XcodeDesktopAppUITests;
			productName = XcodeDesktopAppUITests;
			productReference = 96D2FFC42C98285400087C2C /* XcodeDesktopAppUITests.xctest */;
			productType = "com.apple.product-type.bundle.ui-testing";
		};
/* End PBXNativeTarget section */

/* Begin PBXProject section */
		96D2FFA22C98285100087C2C /* Project object */ = {
			isa = PBXProject;
			attributes = {
				BuildIndependentTargetsInParallel = 1;
				LastSwiftUpdateCheck = 1520;
				LastUpgradeCheck = 1520;
				TargetAttributes = {
					96D2FFA92C98285100087C2C = {
						CreatedOnToolsVersion = 15.2;
					};
					96D2FFB92C98285400087C2C = {
						CreatedOnToolsVersion = 15.2;
						TestTargetID = 96D2FFA92C98285100087C2C;
					};
					96D2FFC32C98285400087C2C = {
						CreatedOnToolsVersion = 15.2;
						TestTargetID = 96D2FFA92C98285100087C2C;
					};
				};
			};
			buildConfigurationList = 96D2FFA52C98285100087C2C /* Build configuration list for PBXProject "XcodeDesktopApp" */;
			compatibilityVersion = "Xcode 14.0";
			developmentRegion = en;
			hasScannedForEncodings = 0;
			knownRegions = (
				en,
				Base,
			);
			mainGroup = 96D2FFA12C98285100087C2C;
			productRefGroup = 96D2FFAB2C98285100087C2C /* Products */;
			projectDirPath = "";
			projectRoot = "";
			targets = (
				96D2FFA92C98285100087C2C /* XcodeDesktopApp */,
				96D2FFB92C98285400087C2C /* XcodeDesktopAppTests */,
				96D2FFC32C98285400087C2C /* XcodeDesktopAppUITests */,
			);
		};
/* End PBXProject section */

/* Begin PBXResourcesBuildPhase section */
		96D2FFA82C98285100087C2C /* Resources */ = {
			isa = PBXResourcesBuildPhase;
			buildActionMask = 2147483647;
			files = (
				96D2FFB52C98285300087C2C /* Preview Assets.xcassets in Resources */,
				96D2FFB22C98285300087C2C /* Assets.xcassets in Resources */,
			);
			runOnlyForDeploymentPostprocessing = 0;
		};
		96D2FFB82C98285400087C2C /* Resources */ = {
			isa = PBXResourcesBuildPhase;
			buildActionMask = 2147483647;
			files = (
			);
			runOnlyForDeploymentPostprocessing = 0;
		};
		96D2FFC22C98285400087C2C /* Resources */ = {
			isa = PBXResourcesBuildPhase;
			buildActionMask = 2147483647;
			files = (
			);
			runOnlyForDeploymentPostprocessing = 0;
		};
/* End PBXResourcesBuildPhase section */

/* Begin PBXSourcesBuildPhase section */
		96D2FFA62C98285100087C2C /* Sources */ = {
			isa = PBXSourcesBuildPhase;
			buildActionMask = 2147483647;
			files = (
				96D2FFB02C98285100087C2C /* ContentView.swift in Sources */,
				96D2FFAE2C98285100087C2C /* XcodeDesktopAppApp.swift in Sources */,
			);
			runOnlyForDeploymentPostprocessing = 0;
		};
		96D2FFB62C98285400087C2C /* Sources */ = {
			isa = PBXSourcesBuildPhase;
			buildActionMask = 2147483647;
			files = (
				96D2FFBF2C98285400087C2C /* XcodeDesktopAppTests.swift in Sources */,
			);
			runOnlyForDeploymentPostprocessing = 0;
		};
		96D2FFC02C98285400087C2C /* Sources */ = {
			isa = PBXSourcesBuildPhase;
			buildActionMask = 2147483647;
			files = (
				96D2FFC92C98285400087C2C /* XcodeDesktopAppUITests.swift in Sources */,
				96D2FFCB2C98285400087C2C /* XcodeDesktopAppUITestsLaunchTests.swift in Sources */,
			);
			runOnlyForDeploymentPostprocessing = 0;
		};
/* End PBXSourcesBuildPhase section */

/* Begin PBXTargetDependency section */
		96D2FFBC2C98285400087C2C /* PBXTargetDependency */ = {
			isa = PBXTargetDependency;
			target = 96D2FFA92C98285100087C2C /* XcodeDesktopApp */;
			targetProxy = 96D2FFBB2C98285400087C2C /* PBXContainerItemProxy */;
		};
		96D2FFC62C98285400087C2C /* PBXTargetDependency */ = {
			isa = PBXTargetDependency;
			target = 96D2FFA92C98285100087C2C /* XcodeDesktopApp */;
			targetProxy = 96D2FFC52C98285400087C2C /* PBXContainerItemProxy */;
		};
/* End PBXTargetDependency section */

/* Begin XCBuildConfiguration section */
		96D2FFCC2C98285400087C2C /* Debug */ = {
			isa = XCBuildConfiguration;
			buildSettings = {
				ALWAYS_SEARCH_USER_PATHS = NO;
				ASSETCATALOG_COMPILER_GENERATE_SWIFT_ASSET_SYMBOL_EXTENSIONS = YES;
				CLANG_ANALYZER_NONNULL = YES;
				CLANG_ANALYZER_NUMBER_OBJECT_CONVERSION = YES_AGGRESSIVE;
				CLANG_CXX_LANGUAGE_STANDARD = "gnu++20";
				CLANG_ENABLE_MODULES = YES;
				CLANG_ENABLE_OBJC_ARC = YES;
				CLANG_ENABLE_OBJC_WEAK = YES;
				CLANG_WARN_BLOCK_CAPTURE_AUTORELEASING = YES;
				CLANG_WARN_BOOL_CONVERSION = YES;
				CLANG_WARN_COMMA = YES;
				CLANG_WARN_CONSTANT_CONVERSION = YES;
				CLANG_WARN_DEPRECATED_OBJC_IMPLEMENTATIONS = YES;
				CLANG_WARN_DIRECT_OBJC_ISA_USAGE = YES_ERROR;
				CLANG_WARN_DOCUMENTATION_COMMENTS = YES;
				CLANG_WARN_EMPTY_BODY = YES;
				CLANG_WARN_ENUM_CONVERSION = YES;
				CLANG_WARN_INFINITE_RECURSION = YES;
				CLANG_WARN_INT_CONVERSION = YES;
				CLANG_WARN_NON_LITERAL_NULL_CONVERSION = YES;
				CLANG_WARN_OBJC_IMPLICIT_RETAIN_SELF = YES;
				CLANG_WARN_OBJC_LITERAL_CONVERSION = YES;
				CLANG_WARN_OBJC_ROOT_CLASS = YES_ERROR;
				CLANG_WARN_QUOTED_INCLUDE_IN_FRAMEWORK_HEADER = YES;
				CLANG_WARN_RANGE_LOOP_ANALYSIS = YES;
				CLANG_WARN_STRICT_PROTOTYPES = YES;
				CLANG_WARN_SUSPICIOUS_MOVE = YES;
				CLANG_WARN_UNGUARDED_AVAILABILITY = YES_AGGRESSIVE;
				CLANG_WARN_UNREACHABLE_CODE = YES;
				CLANG_WARN__DUPLICATE_METHOD_MATCH = YES;
				COPY_PHASE_STRIP = NO;
				DEBUG_INFORMATION_FORMAT = dwarf;
				ENABLE_STRICT_OBJC_MSGSEND = YES;
				ENABLE_TESTABILITY = YES;
				ENABLE_USER_SCRIPT_SANDBOXING = YES;
				GCC_C_LANGUAGE_STANDARD = gnu17;
				GCC_DYNAMIC_NO_PIC = NO;
				GCC_NO_COMMON_BLOCKS = YES;
				GCC_OPTIMIZATION_LEVEL = 0;
				GCC_PREPROCESSOR_DEFINITIONS = (
					"DEBUG=1",
					"$(inherited)",
				);
				GCC_WARN_64_TO_32_BIT_CONVERSION = YES;
				GCC_WARN_ABOUT_RETURN_TYPE = YES_ERROR;
				GCC_WARN_UNDECLARED_SELECTOR = YES;
				GCC_WARN_UNINITIALIZED_AUTOS = YES_AGGRESSIVE;
				GCC_WARN_UNUSED_FUNCTION = YES;
				GCC_WARN_UNUSED_VARIABLE = YES;
				IPHONEOS_DEPLOYMENT_TARGET = 17.2;
				LOCALIZATION_PREFERS_STRING_CATALOGS = YES;
				MTL_ENABLE_DEBUG_INFO = INCLUDE_SOURCE;
				MTL_FAST_MATH = YES;
				ONLY_ACTIVE_ARCH = YES;
				SDKROOT = iphoneos;
				SWIFT_ACTIVE_COMPILATION_CONDITIONS = "DEBUG $(inherited)";
				SWIFT_OPTIMIZATION_LEVEL = "-Onone";
			};
			name = Debug;
		};
		96D2FFCD2C98285400087C2C /* Release */ = {
			isa = XCBuildConfiguration;
			buildSettings = {
				ALWAYS_SEARCH_USER_PATHS = NO;
				ASSETCATALOG_COMPILER_GENERATE_SWIFT_ASSET_SYMBOL_EXTENSIONS = YES;
				CLANG_ANALYZER_NONNULL = YES;
				CLANG_ANALYZER_NUMBER_OBJECT_CONVERSION = YES_AGGRESSIVE;
				CLANG_CXX_LANGUAGE_STANDARD = "gnu++20";
				CLANG_ENABLE_MODULES = YES;
				CLANG_ENABLE_OBJC_ARC = YES;
				CLANG_ENABLE_OBJC_WEAK = YES;
				CLANG_WARN_BLOCK_CAPTURE_AUTORELEASING = YES;
				CLANG_WARN_BOOL_CONVERSION = YES;
				CLANG_WARN_COMMA = YES;
				CLANG_WARN_CONSTANT_CONVERSION = YES;
				CLANG_WARN_DEPRECATED_OBJC_IMPLEMENTATIONS = YES;
				CLANG_WARN_DIRECT_OBJC_ISA_USAGE = YES_ERROR;
				CLANG_WARN_DOCUMENTATION_COMMENTS = YES;
				CLANG_WARN_EMPTY_BODY = YES;
				CLANG_WARN_ENUM_CONVERSION = YES;
				CLANG_WARN_INFINITE_RECURSION = YES;
				CLANG_WARN_INT_CONVERSION = YES;
				CLANG_WARN_NON_LITERAL_NULL_CONVERSION = YES;
				CLANG_WARN_OBJC_IMPLICIT_RETAIN_SELF = YES;
				CLANG_WARN_OBJC_LITERAL_CONVERSION = YES;
				CLANG_WARN_OBJC_ROOT_CLASS = YES_ERROR;
				CLANG_WARN_QUOTED_INCLUDE_IN_FRAMEWORK_HEADER = YES;
				CLANG_WARN_RANGE_LOOP_ANALYSIS = YES;
				CLANG_WARN_STRICT_PROTOTYPES = YES;
				CLANG_WARN_SUSPICIOUS_MOVE = YES;
				CLANG_WARN_UNGUARDED_AVAILABILITY = YES_AGGRESSIVE;
				CLANG_WARN_UNREACHABLE_CODE = YES;
				CLANG_WARN__DUPLICATE_METHOD_MATCH = YES;
				COPY_PHASE_STRIP = NO;
				DEBUG_INFORMATION_FORMAT = "dwarf-with-dsym";
				ENABLE_NS_ASSERTIONS = NO;
				ENABLE_STRICT_OBJC_MSGSEND = YES;
				ENABLE_USER_SCRIPT_SANDBOXING = YES;
				GCC_C_LANGUAGE_STANDARD = gnu17;
				GCC_NO_COMMON_BLOCKS = YES;
				GCC_WARN_64_TO_32_BIT_CONVERSION = YES;
				GCC_WARN_ABOUT_RETURN_TYPE = YES_ERROR;
				GCC_WARN_UNDECLARED_SELECTOR = YES;
				GCC_WARN_UNINITIALIZED_AUTOS = YES_AGGRESSIVE;
				GCC_WARN_UNUSED_FUNCTION = YES;
				GCC_WARN_UNUSED_VARIABLE = YES;
				IPHONEOS_DEPLOYMENT_TARGET = 17.2;
				LOCALIZATION_PREFERS_STRING_CATALOGS = YES;
				MTL_ENABLE_DEBUG_INFO = NO;
				MTL_FAST_MATH = YES;
				SDKROOT = iphoneos;
				SWIFT_COMPILATION_MODE = wholemodule;
				VALIDATE_PRODUCT = YES;
			};
			name = Release;
		};
		96D2FFCF2C98285400087C2C /* Debug */ = {
			isa = XCBuildConfiguration;
			buildSettings = {
				ASSETCATALOG_COMPILER_APPICON_NAME = AppIcon;
				ASSETCATALOG_COMPILER_GLOBAL_ACCENT_COLOR_NAME = AccentColor;
				CODE_SIGN_STYLE = Automatic;
				CURRENT_PROJECT_VERSION = 1;
				DEVELOPMENT_ASSET_PATHS = "\"XcodeDesktopApp/Preview Content\"";
				ENABLE_PREVIEWS = YES;
				GENERATE_INFOPLIST_FILE = YES;
				INFOPLIST_KEY_UIApplicationSceneManifest_Generation = YES;
				INFOPLIST_KEY_UIApplicationSupportsIndirectInputEvents = YES;
				INFOPLIST_KEY_UILaunchScreen_Generation = YES;
				INFOPLIST_KEY_UISupportedInterfaceOrientations_iPad = "UIInterfaceOrientationPortrait UIInterfaceOrientationPortraitUpsideDown UIInterfaceOrientationLandscapeLeft UIInterfaceOrientationLandscapeRight";
				INFOPLIST_KEY_UISupportedInterfaceOrientations_iPhone = "UIInterfaceOrientationPortrait UIInterfaceOrientationLandscapeLeft UIInterfaceOrientationLandscapeRight";
				LD_RUNPATH_SEARCH_PATHS = (
					"$(inherited)",
					"@executable_path/Frameworks",
				);
				MARKETING_VERSION = 1.0;
				PRODUCT_BUNDLE_IDENTIFIER = dik.XcodeDesktopApp;
				PRODUCT_NAME = "$(TARGET_NAME)";
				SWIFT_EMIT_LOC_STRINGS = YES;
				SWIFT_VERSION = 5.0;
				TARGETED_DEVICE_FAMILY = "1,2";
			};
			name = Debug;
		};
		96D2FFD02C98285400087C2C /* Release */ = {
			isa = XCBuildConfiguration;
			buildSettings = {
				ASSETCATALOG_COMPILER_APPICON_NAME = AppIcon;
				ASSETCATALOG_COMPILER_GLOBAL_ACCENT_COLOR_NAME = AccentColor;
				CODE_SIGN_STYLE = Automatic;
				CURRENT_PROJECT_VERSION = 1;
				DEVELOPMENT_ASSET_PATHS = "\"XcodeDesktopApp/Preview Content\"";
				ENABLE_PREVIEWS = YES;
				GENERATE_INFOPLIST_FILE = YES;
				INFOPLIST_KEY_UIApplicationSceneManifest_Generation = YES;
				INFOPLIST_KEY_UIApplicationSupportsIndirectInputEvents = YES;
				INFOPLIST_KEY_UILaunchScreen_Generation = YES;
				INFOPLIST_KEY_UISupportedInterfaceOrientations_iPad = "UIInterfaceOrientationPortrait UIInterfaceOrientationPortraitUpsideDown UIInterfaceOrientationLandscapeLeft UIInterfaceOrientationLandscapeRight";
				INFOPLIST_KEY_UISupportedInterfaceOrientations_iPhone = "UIInterfaceOrientationPortrait UIInterfaceOrientationLandscapeLeft UIInterfaceOrientationLandscapeRight";
				LD_RUNPATH_SEARCH_PATHS = (
					"$(inherited)",
					"@executable_path/Frameworks",
				);
				MARKETING_VERSION = 1.0;
				PRODUCT_BUNDLE_IDENTIFIER = dik.XcodeDesktopApp;
				PRODUCT_NAME = "$(TARGET_NAME)";
				SWIFT_EMIT_LOC_STRINGS = YES;
				SWIFT_VERSION = 5.0;
				TARGETED_DEVICE_FAMILY = "1,2";
			};
			name = Release;
		};
		96D2FFD22C98285400087C2C /* Debug */ = {
			isa = XCBuildConfiguration;
			buildSettings = {
				ALWAYS_EMBED_SWIFT_STANDARD_LIBRARIES = YES;
				BUNDLE_LOADER = "$(TEST_HOST)";
				CODE_SIGN_STYLE = Automatic;
				CURRENT_PROJECT_VERSION = 1;
				GENERATE_INFOPLIST_FILE = YES;
				IPHONEOS_DEPLOYMENT_TARGET = 17.2;
				MARKETING_VERSION = 1.0;
				PRODUCT_BUNDLE_IDENTIFIER = dik.XcodeDesktopAppTests;
				PRODUCT_NAME = "$(TARGET_NAME)";
				SWIFT_EMIT_LOC_STRINGS = NO;
				SWIFT_VERSION = 5.0;
				TARGETED_DEVICE_FAMILY = "1,2";
				TEST_HOST = "$(BUILT_PRODUCTS_DIR)/XcodeDesktopApp.app/$(BUNDLE_EXECUTABLE_FOLDER_PATH)/XcodeDesktopApp";
			};
			name = Debug;
		};
		96D2FFD32C98285400087C2C /* Release */ = {
			isa = XCBuildConfiguration;
			buildSettings = {
				ALWAYS_EMBED_SWIFT_STANDARD_LIBRARIES = YES;
				BUNDLE_LOADER = "$(TEST_HOST)";
				CODE_SIGN_STYLE = Automatic;
				CURRENT_PROJECT_VERSION = 1;
				GENERATE_INFOPLIST_FILE = YES;
				IPHONEOS_DEPLOYMENT_TARGET = 17.2;
				MARKETING_VERSION = 1.0;
				PRODUCT_BUNDLE_IDENTIFIER = dik.XcodeDesktopAppTests;
				PRODUCT_NAME = "$(TARGET_NAME)";
				SWIFT_EMIT_LOC_STRINGS = NO;
				SWIFT_VERSION = 5.0;
				TARGETED_DEVICE_FAMILY = "1,2";
				TEST_HOST = "$(BUILT_PRODUCTS_DIR)/XcodeDesktopApp.app/$(BUNDLE_EXECUTABLE_FOLDER_PATH)/XcodeDesktopApp";
			};
			name = Release;
		};
		96D2FFD52C98285400087C2C /* Debug */ = {
			isa = XCBuildConfiguration;
			buildSettings = {
				ALWAYS_EMBED_SWIFT_STANDARD_LIBRARIES = YES;
				CODE_SIGN_STYLE = Automatic;
				CURRENT_PROJECT_VERSION = 1;
				GENERATE_INFOPLIST_FILE = YES;
				MARKETING_VERSION = 1.0;
				PRODUCT_BUNDLE_IDENTIFIER = dik.XcodeDesktopAppUITests;
				PRODUCT_NAME = "$(TARGET_NAME)";
				SWIFT_EMIT_LOC_STRINGS = NO;
				SWIFT_VERSION = 5.0;
				TARGETED_DEVICE_FAMILY = "1,2";
				TEST_TARGET_NAME = XcodeDesktopApp;
			};
			name = Debug;
		};
		96D2FFD62C98285400087C2C /* Release */ = {
			isa = XCBuildConfiguration;
			buildSettings = {
				ALWAYS_EMBED_SWIFT_STANDARD_LIBRARIES = YES;
				CODE_SIGN_STYLE = Automatic;
				CURRENT_PROJECT_VERSION = 1;
				GENERATE_INFOPLIST_FILE = YES;
				MARKETING_VERSION = 1.0;
				PRODUCT_BUNDLE_IDENTIFIER = dik.XcodeDesktopAppUITests;
				PRODUCT_NAME = "$(TARGET_NAME)";
				SWIFT_EMIT_LOC_STRINGS = NO;
				SWIFT_VERSION = 5.0;
				TARGETED_DEVICE_FAMILY = "1,2";
				TEST_TARGET_NAME = XcodeDesktopApp;
			};
			name = Release;
		};
/* End XCBuildConfiguration section */

/* Begin XCConfigurationList section */
		96D2FFA52C98285100087C2C /* Build configuration list for PBXProject "XcodeDesktopApp" */ = {
			isa = XCConfigurationList;
			buildConfigurations = (
				96D2FFCC2C98285400087C2C /* Debug */,
				96D2FFCD2C98285400087C2C /* Release */,
			);
			defaultConfigurationIsVisible = 0;
			defaultConfigurationName = Release;
		};
		96D2FFCE2C98285400087C2C /* Build configuration list for PBXNativeTarget "XcodeDesktopApp" */ = {
			isa = XCConfigurationList;
			buildConfigurations = (
				96D2FFCF2C98285400087C2C /* Debug */,
				96D2FFD02C98285400087C2C /* Release */,
			);
			defaultConfigurationIsVisible = 0;
			defaultConfigurationName = Release;
		};
		96D2FFD12C98285400087C2C /* Build configuration list for PBXNativeTarget "XcodeDesktopAppTests" */ = {
			isa = XCConfigurationList;
			buildConfigurations = (
				96D2FFD22C98285400087C2C /* Debug */,
				96D2FFD32C98285400087C2C /* Release */,
			);
			defaultConfigurationIsVisible = 0;
			defaultConfigurationName = Release;
		};
		96D2FFD42C98285400087C2C /* Build configuration list for PBXNativeTarget "XcodeDesktopAppUITests" */ = {
			isa = XCConfigurationList;
			buildConfigurations = (
				96D2FFD52C98285400087C2C /* Debug */,
				96D2FFD62C98285400087C2C /* Release */,
			);
			defaultConfigurationIsVisible = 0;
			defaultConfigurationName = Release;
		};
/* End XCConfigurationList section */
	};
	rootObject = 96D2FFA22C98285100087C2C /* Project object */;
}
